
Microsoft Visual Studio Solution File, Format Version 12.00
# Visual Studio Version 17
VisualStudioVersion = 17.14.36811.4 d17.14
MinimumVisualStudioVersion = 10.0.40219.1
Project("{FAE04EC0-301F-11D3-BF4B-00C04F79EFBC}") = "MusicService", "MusicService\MusicService.csproj", "{836C4DCF-93F2-4342-9E4C-E12900EEA002}"
EndProject
Global
	GlobalSection(SolutionConfigurationPlatforms) = preSolution
		Debug|Any CPU = Debug|Any CPU
		Release|Any CPU = Release|Any CPU
	EndGlobalSection
	GlobalSection(ProjectConfigurationPlatforms) = postSolution
		{836C4DCF-93F2-4342-9E4C-E12900EEA002}.Debug|Any CPU.ActiveCfg = Debug|Any CPU
		{836C4DCF-93F2-4342-9E4C-E12900EEA002}.Debug|Any CPU.Build.0 = Debug|Any CPU
		{836C4DCF-93F2-4342-9E4C-E12900EEA002}.Release|Any CPU.ActiveCfg = Release|Any CPU
		{836C4DCF-93F2-4342-9E4C-E12900EEA002}.Release|Any CPU.Build.0 = Release|Any CPU
	EndGlobalSection
	GlobalSection(SolutionProperties) = preSolution
		HideSolutionNode = FALSE
	EndGlobalSection
	GlobalSection(ExtensibilityGlobals) = postSolution
		SolutionGuid = {C10E3F8C-999A-412D-BCB2-ACE80F96F18B}
	EndGlobalSection
EndGlobal
